
Microsoft Visual Studio Solution File, Format Version 12.00
# Visual Studio Version 16
VisualStudioVersion = 16.0.30503.244
MinimumVisualStudioVersion = 10.0.40219.1
Project("{9A19103F-16F7-4668-BE54-9A1E7A4F7556}") = "Stock", "Stock.csproj", "{56ADA938-E8A2-4C3C-A80D-5169EF2B95E2}"
EndProject
Global
	GlobalSection(SolutionConfigurationPlatforms) = preSolution
		Debug|Any CPU = Debug|Any CPU
		Release|Any CPU = Release|Any CPU
	EndGlobalSection
	GlobalSection(ProjectConfigurationPlatforms) = postSolution
		{56ADA938-E8A2-4C3C-A80D-5169EF2B95E2}.Debug|Any CPU.ActiveCfg = Debug|Any CPU
		{56ADA938-E8A2-4C3C-A80D-5169EF2B95E2}.Debug|Any CPU.Build.0 = Debug|Any CPU
		{56ADA938-E8A2-4C3C-A80D-5169EF2B95E2}.Release|Any CPU.ActiveCfg = Release|Any CPU
		{56ADA938-E8A2-4C3C-A80D-5169EF2B95E2}.Release|Any CPU.Build.0 = Release|Any CPU
	EndGlobalSection
	GlobalSection(SolutionProperties) = preSolution
		HideSolutionNode = FALSE
	EndGlobalSection
	GlobalSection(ExtensibilityGlobals) = postSolution
		SolutionGuid = {05B2A297-14B2-46A8-A1DC-8F1B703E8BDB}
	EndGlobalSection
EndGlobal
